<Solution>
  <Configurations>
    <Platform Name="Any CPU" />
    <Platform Name="x64" />
    <Platform Name="x86" />
  </Configurations>
  <Folder Name="/src/">
    <Project Path="src/v2/Starling.Scene/Starling.Scene.csproj" />
    <Project Path="src/v2/Starling.Gpu/Starling.Gpu.csproj" />
  </Folder>
  <Folder Name="/tests/">
    <Project Path="tests/v2/Starling.Scene.Tests/Starling.Scene.Tests.csproj" />
    <Project Path="tests/v2/Starling.Gpu.Tests/Starling.Gpu.Tests.csproj" />
  </Folder>
</Solution>
